
Microsoft Visual Studio Solution File, Format Version 12.00
# Visual Studio Version 17
VisualStudioVersion = 17.3.32929.385
MinimumVisualStudioVersion = 10.0.40219.1
Project("{9A19103F-16F7-4668-BE54-9A1E7A4F7556}") = "Calinga.NET", "Calinga.NET\Calinga.NET.csproj", "{C9FB634A-5F64-41D6-91E9-74C304824FD2}"
EndProject
Project("{2150E333-8FDC-42A3-9474-1A3956D46DE8}") = "1-SDK", "1-SDK", "{CB49E83C-D95C-4814-ABAD-EE434A532ACA}"
EndProject
Project("{9A19103F-16F7-4668-BE54-9A1E7A4F7556}") = "Calinga.NET.Tests", "Calinga.NET.Tests\Calinga.NET.Tests.csproj", "{14C31C10-24B7-42E0-BF4B-5A59AD808B46}"
EndProject
Global
	GlobalSection(SolutionConfigurationPlatforms) = preSolution
		Debug|Any CPU = Debug|Any CPU
		Release|Any CPU = Release|Any CPU
	EndGlobalSection
	GlobalSection(ProjectConfigurationPlatforms) = postSolution
		{C9FB634A-5F64-41D6-91E9-74C304824FD2}.Debug|Any CPU.ActiveCfg = Debug|Any CPU
		{C9FB634A-5F64-41D6-91E9-74C304824FD2}.Debug|Any CPU.Build.0 = Debug|Any CPU
		{C9FB634A-5F64-41D6-91E9-74C304824FD2}.Release|Any CPU.ActiveCfg = Release|Any CPU
		{C9FB634A-5F64-41D6-91E9-74C304824FD2}.Release|Any CPU.Build.0 = Release|Any CPU
		{14C31C10-24B7-42E0-BF4B-5A59AD808B46}.Debug|Any CPU.ActiveCfg = Debug|Any CPU
		{14C31C10-24B7-42E0-BF4B-5A59AD808B46}.Debug|Any CPU.Build.0 = Debug|Any CPU
		{14C31C10-24B7-42E0-BF4B-5A59AD808B46}.Release|Any CPU.ActiveCfg = Release|Any CPU
		{14C31C10-24B7-42E0-BF4B-5A59AD808B46}.Release|Any CPU.Build.0 = Release|Any CPU
	EndGlobalSection
	GlobalSection(SolutionProperties) = preSolution
		HideSolutionNode = FALSE
	EndGlobalSection
	GlobalSection(NestedProjects) = preSolution
		{C9FB634A-5F64-41D6-91E9-74C304824FD2} = {CB49E83C-D95C-4814-ABAD-EE434A532ACA}
	EndGlobalSection
	GlobalSection(ExtensibilityGlobals) = postSolution
		SolutionGuid = {436556B4-F005-4201-AC8E-2CF58CFE66A3}
	EndGlobalSection
EndGlobal
